
Microsoft Visual Studio Solution File, Format Version 12.00
# Visual Studio 15
VisualStudioVersion = 15.0.28010.2041
MinimumVisualStudioVersion = 10.0.40219.1
Project("{FAE04EC0-301F-11D3-BF4B-00C04F79EFBC}") = "BlackJack", "BlackJack\BlackJack.csproj", "{E0B26BC3-8DDD-476B-A3EF-6B6E6E495C61}"
EndProject
Project("{FAE04EC0-301F-11D3-BF4B-00C04F79EFBC}") = "CardController", "CardController\CardController.csproj", "{339BAE65-4B12-4B4F-BD55-54D0047281D2}"
EndProject
Global
	GlobalSection(SolutionConfigurationPlatforms) = preSolution
		Debug|Any CPU = Debug|Any CPU
		Release|Any CPU = Release|Any CPU
	EndGlobalSection
	GlobalSection(ProjectConfigurationPlatforms) = postSolution
		{E0B26BC3-8DDD-476B-A3EF-6B6E6E495C61}.Debug|Any CPU.ActiveCfg = Debug|Any CPU
		{E0B26BC3-8DDD-476B-A3EF-6B6E6E495C61}.Debug|Any CPU.Build.0 = Debug|Any CPU
		{E0B26BC3-8DDD-476B-A3EF-6B6E6E495C61}.Release|Any CPU.ActiveCfg = Release|Any CPU
		{E0B26BC3-8DDD-476B-A3EF-6B6E6E495C61}.Release|Any CPU.Build.0 = Release|Any CPU
		{339BAE65-4B12-4B4F-BD55-54D0047281D2}.Debug|Any CPU.ActiveCfg = Debug|Any CPU
		{339BAE65-4B12-4B4F-BD55-54D0047281D2}.Debug|Any CPU.Build.0 = Debug|Any CPU
		{339BAE65-4B12-4B4F-BD55-54D0047281D2}.Release|Any CPU.ActiveCfg = Release|Any CPU
		{339BAE65-4B12-4B4F-BD55-54D0047281D2}.Release|Any CPU.Build.0 = Release|Any CPU
	EndGlobalSection
	GlobalSection(SolutionProperties) = preSolution
		HideSolutionNode = FALSE
	EndGlobalSection
	GlobalSection(ExtensibilityGlobals) = postSolution
		SolutionGuid = {DB25CB0B-6E7D-4E3A-BF6C-17017601887E}
	EndGlobalSection
EndGlobal
